
Microsoft Visual Studio Solution File, Format Version 12.00
Project("{FAE04EC0-301F-11D3-BF4B-00C04F79EFBC}") = "Maket", "Maket\Maket.csproj", "{7AE5AFB4-92CC-4B5D-9C8E-1FA535E83838}"
EndProject
Global
	GlobalSection(SolutionConfigurationPlatforms) = preSolution
		Debug|Any CPU = Debug|Any CPU
		Release|Any CPU = Release|Any CPU
	EndGlobalSection
	GlobalSection(ProjectConfigurationPlatforms) = postSolution
		{7AE5AFB4-92CC-4B5D-9C8E-1FA535E83838}.Debug|Any CPU.ActiveCfg = Debug|Any CPU
		{7AE5AFB4-92CC-4B5D-9C8E-1FA535E83838}.Debug|Any CPU.Build.0 = Debug|Any CPU
		{7AE5AFB4-92CC-4B5D-9C8E-1FA535E83838}.Release|Any CPU.ActiveCfg = Release|Any CPU
		{7AE5AFB4-92CC-4B5D-9C8E-1FA535E83838}.Release|Any CPU.Build.0 = Release|Any CPU
	EndGlobalSection
EndGlobal
